dependencies:
- name: postgresql
  repository: https://charts.bitnami.com/bitnami
  version: 16.1.0
- name: postgresql-ha
  repository: https://charts.bitnami.com/bitnami
  version: 9.4.11
- name: redis
  repository: https://charts.bitnami.com/bitnami
  version: 20.2.1
digest: sha256:77ac8b624588079d258cb52a624732ff5cf6fdd60598a301c40e895d940f502f
generated: "2024-10-31T00:26:42.380853189Z"
